<?xml version="1.0" encoding="utf-8"?>
<Project ToolsVersion="4.0" xmlns="http://schemas.microsoft.com/developer/msbuild/2003">
  <ItemGroup>
    <Filter Include="Source Files">
      <UniqueIdentifier>{4FC737F1-C7A5-4376-A066-2A32D752A2FF}</UniqueIdentifier>
      <Extensions>cpp;c;cc;cxx;c++;cppm;ixx;def;odl;idl;hpj;bat;asm;asmx</Extensions>
    </Filter>
    <Filter Include="Header Files">
      <UniqueIdentifier>{93995380-89BD-4b04-88EB-625FBE52EBFB}</UniqueIdentifier>
      <Extensions>h;hh;hpp;hxx;h++;hm;inl;inc;ipp;xsd</Extensions>
    </Filter>
    <Filter Include="Resource Files">
      <UniqueIdentifier>{67DA6AB6-F800-4c08-8B7A-83BB121AAD01}</UniqueIdentifier>
      <Extensions>rc;ico;cur;bmp;dlg;rc2;rct;bin;rgs;gif;jpg;jpeg;jpe;resx;tiff;tif;png;wav;mfcribbon-ms</Extensions>
    </Filter>
  </ItemGroup>
  <ItemGroup>
    <ClCompile Include="WinMain.cpp">
      <Filter>Source Files</Filter>
    </ClCompile>
    <ClCompile Include="Exceptions\ChiliException.cpp">
      <Filter>Source Files</Filter>
    </ClCompile>
    <ClCompile Include="Exceptions\WindowsException.cpp">
      <Filter>Source Files</Filter>
    </ClCompile>
    <ClCompile Include="WindowRelated\Window.cpp">
      <Filter>Source Files</Filter>
    </ClCompile>
    <ClCompile Include="WindowRelated\Keyboard.cpp">
      <Filter>Source Files</Filter>
    </ClCompile>
    <ClCompile Include="WindowRelated\Mouse.cpp">
      <Filter>Source Files</Filter>
    </ClCompile>
    <ClCompile Include="App.cpp">
      <Filter>Source Files</Filter>
    </ClCompile>
    <ClCompile Include="Helpers\ChiliTimer.cpp">
      <Filter>Source Files</Filter>
    </ClCompile>
    <ClCompile Include="DirectXRelated\Graphics.cpp">
      <Filter>Source Files</Filter>
    </ClCompile>
    <ClCompile Include="DirectXRelated\Bindables\IndexBuffer.cpp">
      <Filter>Source Files</Filter>
    </ClCompile>
    <ClCompile Include="DirectXRelated\Bindables\VertexBuffer.cpp">
      <Filter>Source Files</Filter>
    </ClCompile>
    <ClCompile Include="DirectXRelated\Bindables\InputLayout.cpp">
      <Filter>Source Files</Filter>
    </ClCompile>
    <ClCompile Include="DirectXRelated\Bindables\VertexShader.cpp">
      <Filter>Source Files</Filter>
    </ClCompile>
    <ClCompile Include="DirectXRelated\Bindables\PixelShader.cpp">
      <Filter>Source Files</Filter>
    </ClCompile>
    <ClCompile Include="DirectXRelated\Drawables\Box.cpp">
      <Filter>Source Files</Filter>
    </ClCompile>
    <ClCompile Include="DirectXRelated\Bindables\ConstantBuffer.cpp">
      <Filter>Source Files</Filter>
    </ClCompile>
    <ClCompile Include="DirectXRelated\Texture\Surface.cpp">
      <Filter>Source Files</Filter>
    </ClCompile>
    <ClCompile Include="DirectXRelated\Texture\GDIPlusManager.cpp">
      <Filter>Source Files</Filter>
    </ClCompile>
    <ClCompile Include="DirectXRelated\Bindables\Texture.cpp">
      <Filter>Source Files</Filter>
    </ClCompile>
    <ClCompile Include="DirectXRelated\Bindables\Sampler.cpp">
      <Filter>Source Files</Filter>
    </ClCompile>
    <ClCompile Include="Imgui\imgui.cpp">
      <Filter>Source Files</Filter>
    </ClCompile>
    <ClCompile Include="Imgui\imgui_demo.cpp">
      <Filter>Source Files</Filter>
    </ClCompile>
    <ClCompile Include="Imgui\imgui_draw.cpp">
      <Filter>Source Files</Filter>
    </ClCompile>
    <ClCompile Include="Imgui\imgui_impl_dx11.cpp">
      <Filter>Source Files</Filter>
    </ClCompile>
    <ClCompile Include="Imgui\imgui_impl_win32.cpp">
      <Filter>Source Files</Filter>
    </ClCompile>
    <ClCompile Include="Imgui\imgui_widgets.cpp">
      <Filter>Source Files</Filter>
    </ClCompile>
    <ClCompile Include="imgui\ImguiManager.cpp">
      <Filter>Source Files</Filter>
    </ClCompile>
    <ClCompile Include="DirectXRelated\Drawables\LightBulb.cpp">
      <Filter>Source Files</Filter>
    </ClCompile>
    <ClCompile Include="Shaders\ShaderPaths.cpp">
      <Filter>Source Files</Filter>
    </ClCompile>
  </ItemGroup>
  <ItemGroup>
    <ClInclude Include="Exceptions\ChiliException.h">
      <Filter>Header Files</Filter>
    </ClInclude>
    <ClInclude Include="Exceptions\WindowsException.h">
      <Filter>Header Files</Filter>
    </ClInclude>
    <ClInclude Include="WindowRelated\ChiliWin.h">
      <Filter>Header Files</Filter>
    </ClInclude>
    <ClInclude Include="WindowRelated\Window.h">
      <Filter>Header Files</Filter>
    </ClInclude>
    <ClInclude Include="WindowRelated\Keyboard.h">
      <Filter>Header Files</Filter>
    </ClInclude>
    <ClInclude Include="WindowRelated\Mouse.h">
      <Filter>Header Files</Filter>
    </ClInclude>
    <ClInclude Include="Helpers\Functions.h">
      <Filter>Header Files</Filter>
    </ClInclude>
    <ClInclude Include="App.h">
      <Filter>Header Files</Filter>
    </ClInclude>
    <ClInclude Include="Helpers\ChiliTimer.h">
      <Filter>Header Files</Filter>
    </ClInclude>
    <ClInclude Include="DirectXRelated\Graphics.h">
      <Filter>Header Files</Filter>
    </ClInclude>
    <ClInclude Include="DirectXRelated\Bindables\Bindable.h">
      <Filter>Header Files</Filter>
    </ClInclude>
    <ClInclude Include="DirectXRelated\Bindables\IndexBuffer.h">
      <Filter>Header Files</Filter>
    </ClInclude>
    <ClInclude Include="DirectXRelated\Bindables\VertexBuffer.h">
      <Filter>Header Files</Filter>
    </ClInclude>
    <ClInclude Include="DirectXRelated\Bindables\ConstantBuffer.h">
      <Filter>Header Files</Filter>
    </ClInclude>
    <ClInclude Include="DirectXRelated\Bindables\InputLayout.h">
      <Filter>Header Files</Filter>
    </ClInclude>
    <ClInclude Include="DirectXRelated\Bindables\VertexShader.h">
      <Filter>Header Files</Filter>
    </ClInclude>
    <ClInclude Include="DirectXRelated\Bindables\PixelShader.h">
      <Filter>Header Files</Filter>
    </ClInclude>
    <ClInclude Include="DirectXRelated\Bindables\Topology.h">
      <Filter>Header Files</Filter>
    </ClInclude>
    <ClInclude Include="DirectXRelated\Drawables\Drawable.h">
      <Filter>Header Files</Filter>
    </ClInclude>
    <ClInclude Include="DirectXRelated\Drawables\Box.h">
      <Filter>Header Files</Filter>
    </ClInclude>
    <ClInclude Include="DirectXRelated\Drawables\DrawableBase.h">
      <Filter>Header Files</Filter>
    </ClInclude>
    <ClInclude Include="DirectXRelated\Mesh\IndexedTriangleList.h">
      <Filter>Header Files</Filter>
    </ClInclude>
    <ClInclude Include="DirectXRelated\Mesh\Cube.h">
      <Filter>Header Files</Filter>
    </ClInclude>
    <ClInclude Include="DirectXRelated\Mesh\Plane.h">
      <Filter>Header Files</Filter>
    </ClInclude>
    <ClInclude Include="DirectXRelated\Drawables\Wall.h">
      <Filter>Header Files</Filter>
    </ClInclude>
    <ClInclude Include="DirectXRelated\Mesh\Sphere.h">
      <Filter>Header Files</Filter>
    </ClInclude>
    <ClInclude Include="DirectXRelated\Drawables\Ball.h">
      <Filter>Header Files</Filter>
    </ClInclude>
    <ClInclude Include="DirectXRelated\Drawables\SingleColorDrawable.h">
      <Filter>Header Files</Filter>
    </ClInclude>
    <ClInclude Include="DirectXRelated\Texture\Surface.h">
      <Filter>Header Files</Filter>
    </ClInclude>
    <ClInclude Include="DirectXRelated\Texture\GDIPlusManager.h">
      <Filter>Header Files</Filter>
    </ClInclude>
    <ClInclude Include="DirectXRelated\Bindables\Texture.h">
      <Filter>Header Files</Filter>
    </ClInclude>
    <ClInclude Include="DirectXRelated\Bindables\Sampler.h">
      <Filter>Header Files</Filter>
    </ClInclude>
    <ClInclude Include="DirectXRelated\Drawables\TexturePlane.h">
      <Filter>Header Files</Filter>
    </ClInclude>
    <ClInclude Include="Images\ImagePaths.h">
      <Filter>Header Files</Filter>
    </ClInclude>
    <ClInclude Include="Imgui\imconfig.h">
      <Filter>Header Files</Filter>
    </ClInclude>
    <ClInclude Include="Imgui\imgui.h">
      <Filter>Header Files</Filter>
    </ClInclude>
    <ClInclude Include="Imgui\imgui_impl_dx11.h">
      <Filter>Header Files</Filter>
    </ClInclude>
    <ClInclude Include="Imgui\imgui_impl_win32.h">
      <Filter>Header Files</Filter>
    </ClInclude>
    <ClInclude Include="Imgui\imgui_internal.h">
      <Filter>Header Files</Filter>
    </ClInclude>
    <ClInclude Include="Imgui\imstb_rectpack.h">
      <Filter>Header Files</Filter>
    </ClInclude>
    <ClInclude Include="Imgui\imstb_textedit.h">
      <Filter>Header Files</Filter>
    </ClInclude>
    <ClInclude Include="Imgui\imstb_truetype.h">
      <Filter>Header Files</Filter>
    </ClInclude>
    <ClInclude Include="Imgui\ImguiManager.h">
      <Filter>Header Files</Filter>
    </ClInclude>
    <ClInclude Include="DirectXRelated\RotationalCamera.h">
      <Filter>Header Files</Filter>
    </ClInclude>
    <ClInclude Include="DirectXRelated\Drawables\LightBulb.h">
      <Filter>Header Files</Filter>
    </ClInclude>
    <ClInclude Include="DirectXRelated\Drawables\Material.h">
      <Filter>Header Files</Filter>
    </ClInclude>
    <ClInclude Include="DirectXRelated\Mesh\Vertex.h">
      <Filter>Header Files</Filter>
    </ClInclude>
  </ItemGroup>
  <ItemGroup>
    <FxCompile Include="Shaders\SimpleVS.hlsl" />
    <FxCompile Include="Shaders\SimplePS.hlsl" />
    <FxCompile Include="Shaders\SingleColorPS.hlsl" />
    <FxCompile Include="Shaders\TextureVS.hlsl" />
    <FxCompile Include="Shaders\TexturePS.hlsl" />
    <FxCompile Include="Shaders\PhongPS.hlsl" />
  </ItemGroup>
  <ItemGroup>
    <Image Include="Images\me.jpg">
      <Filter>Resource Files</Filter>
    </Image>
    <Image Include="Images\amongus.png">
      <Filter>Resource Files</Filter>
    </Image>
  </ItemGroup>
  <ItemGroup>
    <None Include="Shaders\ShaderPaths.h" />
  </ItemGroup>
</Project>